
Microsoft Visual Studio Solution File, Format Version 12.00
# Visual Studio Version 17
VisualStudioVersion = 17.7.34031.279
MinimumVisualStudioVersion = 10.0.40219.1
Project("{FAE04EC0-301F-11D3-BF4B-00C04F79EFBC}") = "CAL_PROPINAS", "CAL_PROPINAS\CAL_PROPINAS.csproj", "{1470BC3F-5C44-4CB7-B52D-3AE52790379B}"
EndProject
Global
	GlobalSection(SolutionConfigurationPlatforms) = preSolution
		Debug|Any CPU = Debug|Any CPU
		Release|Any CPU = Release|Any CPU
	EndGlobalSection
	GlobalSection(ProjectConfigurationPlatforms) = postSolution
		{1470BC3F-5C44-4CB7-B52D-3AE52790379B}.Debug|Any CPU.ActiveCfg = Debug|Any CPU
		{1470BC3F-5C44-4CB7-B52D-3AE52790379B}.Debug|Any CPU.Build.0 = Debug|Any CPU
		{1470BC3F-5C44-4CB7-B52D-3AE52790379B}.Debug|Any CPU.Deploy.0 = Debug|Any CPU
		{1470BC3F-5C44-4CB7-B52D-3AE52790379B}.Release|Any CPU.ActiveCfg = Release|Any CPU
		{1470BC3F-5C44-4CB7-B52D-3AE52790379B}.Release|Any CPU.Build.0 = Release|Any CPU
		{1470BC3F-5C44-4CB7-B52D-3AE52790379B}.Release|Any CPU.Deploy.0 = Release|Any CPU
	EndGlobalSection
	GlobalSection(SolutionProperties) = preSolution
		HideSolutionNode = FALSE
	EndGlobalSection
	GlobalSection(ExtensibilityGlobals) = postSolution
		SolutionGuid = {340E1BB8-6192-46D9-87F2-838E8467E5CE}
	EndGlobalSection
EndGlobal
